
Microsoft Visual Studio Solution File, Format Version 12.00
# Visual Studio Version 17
VisualStudioVersion = 17.8.34316.72
MinimumVisualStudioVersion = 10.0.40219.1
Project("{9A19103F-16F7-4668-BE54-9A1E7A4F7556}") = "PathofWar", "PathofWar.csproj", "{C787C213-D926-43C5-889C-92EAC6656D5F}"
EndProject
Global
	GlobalSection(SolutionConfigurationPlatforms) = preSolution
		Debug|Any CPU = Debug|Any CPU
		Release|Any CPU = Release|Any CPU
	EndGlobalSection
	GlobalSection(ProjectConfigurationPlatforms) = postSolution
		{C787C213-D926-43C5-889C-92EAC6656D5F}.Debug|Any CPU.ActiveCfg = Debug|Any CPU
		{C787C213-D926-43C5-889C-92EAC6656D5F}.Debug|Any CPU.Build.0 = Debug|Any CPU
		{C787C213-D926-43C5-889C-92EAC6656D5F}.Release|Any CPU.ActiveCfg = Release|Any CPU
		{C787C213-D926-43C5-889C-92EAC6656D5F}.Release|Any CPU.Build.0 = Release|Any CPU
	EndGlobalSection
	GlobalSection(SolutionProperties) = preSolution
		HideSolutionNode = FALSE
	EndGlobalSection
	GlobalSection(ExtensibilityGlobals) = postSolution
		SolutionGuid = {A9166FCA-6ACF-48C0-B44F-70C596A1AEE7}
	EndGlobalSection
EndGlobal
